
Microsoft Visual Studio Solution File, Format Version 12.00
# Visual Studio 15
VisualStudioVersion = 15.0.28010.2046
MinimumVisualStudioVersion = 10.0.40219.1
Project("{8BC9CEB8-8B4A-11D0-8D11-00A0C91BC942}") = "SudokuACWsubmit", "SudokuACWsubmit\SudokuACWsubmit.vcxproj", "{BC849BDB-4750-411C-8560-44DC816F68FD}"
EndProject
Global
	GlobalSection(SolutionConfigurationPlatforms) = preSolution
		Debug|x64 = Debug|x64
		Debug|x86 = Debug|x86
		Release|x64 = Release|x64
		Release|x86 = Release|x86
	EndGlobalSection
	GlobalSection(ProjectConfigurationPlatforms) = postSolution
		{BC849BDB-4750-411C-8560-44DC816F68FD}.Debug|x64.ActiveCfg = Debug|x64
		{BC849BDB-4750-411C-8560-44DC816F68FD}.Debug|x64.Build.0 = Debug|x64
		{BC849BDB-4750-411C-8560-44DC816F68FD}.Debug|x86.ActiveCfg = Debug|Win32
		{BC849BDB-4750-411C-8560-44DC816F68FD}.Debug|x86.Build.0 = Debug|Win32
		{BC849BDB-4750-411C-8560-44DC816F68FD}.Release|x64.ActiveCfg = Release|x64
		{BC849BDB-4750-411C-8560-44DC816F68FD}.Release|x64.Build.0 = Release|x64
		{BC849BDB-4750-411C-8560-44DC816F68FD}.Release|x86.ActiveCfg = Release|Win32
		{BC849BDB-4750-411C-8560-44DC816F68FD}.Release|x86.Build.0 = Release|Win32
	EndGlobalSection
	GlobalSection(SolutionProperties) = preSolution
		HideSolutionNode = FALSE
	EndGlobalSection
	GlobalSection(ExtensibilityGlobals) = postSolution
		SolutionGuid = {C5EB86B3-B9EB-4737-B662-F9E060BA3C00}
	EndGlobalSection
EndGlobal
